// !$*UTF8*$!
{
	archiveVersion = 1;
	classes = {
	};
	objectVersion = 48;
	objects = {

/* Begin PBXBuildFile section */
		C16E8E501F33E2F2000D5CB1 /* AppDelegate.swift in Sources */ = {isa = PBXBuildFile; fileRef = C16E8E4F1F33E2F2000D5CB1 /* AppDelegate.swift */; };
		C16E8E521F33E2F2000D5CB1 /* Scene.sks in Resources */ = {isa = PBXBuildFile; fileRef = C16E8E511F33E2F2000D5CB1 /* Scene.sks */; };
		C16E8E541F33E2F2000D5CB1 /* Scene.swift in Sources */ = {isa = PBXBuildFile; fileRef = C16E8E531F33E2F2000D5CB1 /* Scene.swift */; };
		C16E8E561F33E2F2000D5CB1 /* ViewController.swift in Sources */ = {isa = PBXBuildFile; fileRef = C16E8E551F33E2F2000D5CB1 /* ViewController.swift */; };
		C16E8E591F33E2F2000D5CB1 /* Main.storyboard in Resources */ = {isa = PBXBuildFile; fileRef = C16E8E571F33E2F2000D5CB1 /* Main.storyboard */; };
		C16E8E5B1F33E2F2000D5CB1 /* Assets.xcassets in Resources */ = {isa = PBXBuildFile; fileRef = C16E8E5A1F33E2F2000D5CB1 /* Assets.xcassets */; };
		C16E8E5E1F33E2F2000D5CB1 /* LaunchScreen.storyboard in Resources */ = {isa = PBXBuildFile; fileRef = C16E8E5C1F33E2F2000D5CB1 /* LaunchScreen.storyboard */; };
		C16E8E691F33E2F2000D5CB1 /* ARTexts_iosTests.swift in Sources */ = {isa = PBXBuildFile; fileRef = C16E8E681F33E2F2000D5CB1 /* ARTexts_iosTests.swift */; };
		C16E8E741F33E2F2000D5CB1 /* ARTexts_iosUITests.swift in Sources */ = {isa = PBXBuildFile; fileRef = C16E8E731F33E2F2000D5CB1 /* ARTexts_iosUITests.swift */; };
		C16E8E831F33E8DF000D5CB1 /* CoreLocation.framework in Frameworks */ = {isa = PBXBuildFile; fileRef = C16E8E821F33E8DF000D5CB1 /* CoreLocation.framework */; };
/* End PBXBuildFile section */

/* Begin PBXContainerItemProxy section */
		C16E8E651F33E2F2000D5CB1 /* PBXContainerItemProxy */ = {
			isa = PBXContainerItemProxy;
			containerPortal = C16E8E441F33E2F2000D5CB1 /* Project object */;
			proxyType = 1;
			remoteGlobalIDString = C16E8E4B1F33E2F2000D5CB1;
			remoteInfo = "ARTexts-ios";
		};
		C16E8E701F33E2F2000D5CB1 /* PBXContainerItemProxy */ = {
			isa = PBXContainerItemProxy;
			containerPortal = C16E8E441F33E2F2000D5CB1 /* Project object */;
			proxyType = 1;
			remoteGlobalIDString = C16E8E4B1F33E2F2000D5CB1;
			remoteInfo = "ARTexts-ios";
		};
/* End PBXContainerItemProxy section */

/* Begin PBXFileReference section */
		C16E8E4C1F33E2F2000D5CB1 /* ARTexts-ios.app */ = {isa = PBXFileReference; explicitFileType = wrapper.application; includeInIndex = 0; path = "ARTexts-ios.app"; sourceTree = BUILT_PRODUCTS_DIR; };
		C16E8E4F1F33E2F2000D5CB1 /* AppDelegate.swift */ = {isa = PBXFileReference; lastKnownFileType = sourcecode.swift; path = AppDelegate.swift; sourceTree = "<group>"; };
		C16E8E511F33E2F2000D5CB1 /* Scene.sks */ = {isa = PBXFileReference; lastKnownFileType = file.sks; path = Scene.sks; sourceTree = "<group>"; };
		C16E8E531F33E2F2000D5CB1 /* Scene.swift */ = {isa = PBXFileReference; lastKnownFileType = sourcecode.swift; path = Scene.swift; sourceTree = "<group>"; };
		C16E8E551F33E2F2000D5CB1 /* ViewController.swift */ = {isa = PBXFileReference; lastKnownFileType = sourcecode.swift; path = ViewController.swift; sourceTree = "<group>"; };
		C16E8E581F33E2F2000D5CB1 /* Base */ = {isa = PBXFileReference; lastKnownFileType = file.storyboard; name = Base; path = Base.lproj/Main.storyboard; sourceTree = "<group>"; };
		C16E8E5A1F33E2F2000D5CB1 /* Assets.xcassets */ = {isa = PBXFileReference; lastKnownFileType = folder.assetcatalog; path = Assets.xcassets; sourceTree = "<group>"; };
		C16E8E5D1F33E2F2000D5CB1 /* Base */ = {isa = PBXFileReference; lastKnownFileType = file.storyboard; name = Base; path = Base.lproj/LaunchScreen.storyboard; sourceTree = "<group>"; };
		C16E8E5F1F33E2F2000D5CB1 /* Info.plist */ = {isa = PBXFileReference; lastKnownFileType = text.plist.xml; path = Info.plist; sourceTree = "<group>"; };
		C16E8E641F33E2F2000D5CB1 /* ARTexts-iosTests.xctest */ = {isa = PBXFileReference; explicitFileType = wrapper.cfbundle; includeInIndex = 0; path = "ARTexts-iosTests.xctest"; sourceTree = BUILT_PRODUCTS_DIR; };
		C16E8E681F33E2F2000D5CB1 /* ARTexts_iosTests.swift */ = {isa = PBXFileReference; lastKnownFileType = sourcecode.swift; path = ARTexts_iosTests.swift; sourceTree = "<group>"; };
		C16E8E6A1F33E2F2000D5CB1 /* Info.plist */ = {isa = PBXFileReference; lastKnownFileType = text.plist.xml; path = Info.plist; sourceTree = "<group>"; };
		C16E8E6F1F33E2F2000D5CB1 /* ARTexts-iosUITests.xctest */ = {isa = PBXFileReference; explicitFileType = wrapper.cfbundle; includeInIndex = 0; path = "ARTexts-iosUITests.xctest"; sourceTree = BUILT_PRODUCTS_DIR; };
		C16E8E731F33E2F2000D5CB1 /* ARTexts_iosUITests.swift */ = {isa = PBXFileReference; lastKnownFileType = sourcecode.swift; path = ARTexts_iosUITests.swift; sourceTree = "<group>"; };
		C16E8E751F33E2F2000D5CB1 /* Info.plist */ = {isa = PBXFileReference; lastKnownFileType = text.plist.xml; path = Info.plist; sourceTree = "<group>"; };
		C16E8E821F33E8DF000D5CB1 /* CoreLocation.framework */ = {isa = PBXFileReference; lastKnownFileType = wrapper.framework; name = CoreLocation.framework; path = System/Library/Frameworks/CoreLocation.framework; sourceTree = SDKROOT; };
/* End PBXFileReference section */

/* Begin PBXFrameworksBuildPhase section */
		C16E8E491F33E2F2000D5CB1 /* Frameworks */ = {
			isa = PBXFrameworksBuildPhase;
			buildActionMask = 2147483647;
			files = (
				C16E8E831F33E8DF000D5CB1 /* CoreLocation.framework in Frameworks */,
			);
			runOnlyForDeploymentPostprocessing = 0;
		};
		C16E8E611F33E2F2000D5CB1 /* Frameworks */ = {
			isa = PBXFrameworksBuildPhase;
			buildActionMask = 2147483647;
			files = (
			);
			runOnlyForDeploymentPostprocessing = 0;
		};
		C16E8E6C1F33E2F2000D5CB1 /* Frameworks */ = {
			isa = PBXFrameworksBuildPhase;
			buildActionMask = 2147483647;
			files = (
			);
			runOnlyForDeploymentPostprocessing = 0;
		};
/* End PBXFrameworksBuildPhase section */

/* Begin PBXGroup section */
		C16E8E431F33E2F2000D5CB1 = {
			isa = PBXGroup;
			children = (
				C16E8E4E1F33E2F2000D5CB1 /* ARTexts-ios */,
				C16E8E671F33E2F2000D5CB1 /* ARTexts-iosTests */,
				C16E8E721F33E2F2000D5CB1 /* ARTexts-iosUITests */,
				C16E8E4D1F33E2F2000D5CB1 /* Products */,
				C16E8E811F33E8DF000D5CB1 /* Frameworks */,
			);
			sourceTree = "<group>";
		};
		C16E8E4D1F33E2F2000D5CB1 /* Products */ = {
			isa = PBXGroup;
			children = (
				C16E8E4C1F33E2F2000D5CB1 /* ARTexts-ios.app */,
				C16E8E641F33E2F2000D5CB1 /* ARTexts-iosTests.xctest */,
				C16E8E6F1F33E2F2000D5CB1 /* ARTexts-iosUITests.xctest */,
			);
			name = Products;
			sourceTree = "<group>";
		};
		C16E8E4E1F33E2F2000D5CB1 /* ARTexts-ios */ = {
			isa = PBXGroup;
			children = (
				C16E8E4F1F33E2F2000D5CB1 /* AppDelegate.swift */,
				C16E8E511F33E2F2000D5CB1 /* Scene.sks */,
				C16E8E531F33E2F2000D5CB1 /* Scene.swift */,
				C16E8E551F33E2F2000D5CB1 /* ViewController.swift */,
				C16E8E571F33E2F2000D5CB1 /* Main.storyboard */,
				C16E8E5A1F33E2F2000D5CB1 /* Assets.xcassets */,
				C16E8E5C1F33E2F2000D5CB1 /* LaunchScreen.storyboard */,
				C16E8E5F1F33E2F2000D5CB1 /* Info.plist */,
			);
			path = "ARTexts-ios";
			sourceTree = "<group>";
		};
		C16E8E671F33E2F2000D5CB1 /* ARTexts-iosTests */ = {
			isa = PBXGroup;
			children = (
				C16E8E681F33E2F2000D5CB1 /* ARTexts_iosTests.swift */,
				C16E8E6A1F33E2F2000D5CB1 /* Info.plist */,
			);
			path = "ARTexts-iosTests";
			sourceTree = "<group>";
		};
		C16E8E721F33E2F2000D5CB1 /* ARTexts-iosUITests */ = {
			isa = PBXGroup;
			children = (
				C16E8E731F33E2F2000D5CB1 /* ARTexts_iosUITests.swift */,
				C16E8E751F33E2F2000D5CB1 /* Info.plist */,
			);
			path = "ARTexts-iosUITests";
			sourceTree = "<group>";
		};
		C16E8E811F33E8DF000D5CB1 /* Frameworks */ = {
			isa = PBXGroup;
			children = (
				C16E8E821F33E8DF000D5CB1 /* CoreLocation.framework */,
			);
			name = Frameworks;
			sourceTree = "<group>";
		};
/* End PBXGroup section */

/* Begin PBXNativeTarget section */
		C16E8E4B1F33E2F2000D5CB1 /* ARTexts-ios */ = {
			isa = PBXNativeTarget;
			buildConfigurationList = C16E8E781F33E2F2000D5CB1 /* Build configuration list for PBXNativeTarget "ARTexts-ios" */;
			buildPhases = (
				C16E8E481F33E2F2000D5CB1 /* Sources */,
				C16E8E491F33E2F2000D5CB1 /* Frameworks */,
				C16E8E4A1F33E2F2000D5CB1 /* Resources */,
			);
			buildRules = (
			);
			dependencies = (
			);
			name = "ARTexts-ios";
			productName = "ARTexts-ios";
			productReference = C16E8E4C1F33E2F2000D5CB1 /* ARTexts-ios.app */;
			productType = "com.apple.product-type.application";
		};
		C16E8E631F33E2F2000D5CB1 /* ARTexts-iosTests */ = {
			isa = PBXNativeTarget;
			buildConfigurationList = C16E8E7B1F33E2F2000D5CB1 /* Build configuration list for PBXNativeTarget "ARTexts-iosTests" */;
			buildPhases = (
				C16E8E601F33E2F2000D5CB1 /* Sources */,
				C16E8E611F33E2F2000D5CB1 /* Frameworks */,
				C16E8E621F33E2F2000D5CB1 /* Resources */,
			);
			buildRules = (
			);
			dependencies = (
				C16E8E661F33E2F2000D5CB1 /* PBXTargetDependency */,
			);
			name = "ARTexts-iosTests";
			productName = "ARTexts-iosTests";
			productReference = C16E8E641F33E2F2000D5CB1 /* ARTexts-iosTests.xctest */;
			productType = "com.apple.product-type.bundle.unit-test";
		};
		C16E8E6E1F33E2F2000D5CB1 /* ARTexts-iosUITests */ = {
			isa = PBXNativeTarget;
			buildConfigurationList = C16E8E7E1F33E2F2000D5CB1 /* Build configuration list for PBXNativeTarget "ARTexts-iosUITests" */;
			buildPhases = (
				C16E8E6B1F33E2F2000D5CB1 /* Sources */,
				C16E8E6C1F33E2F2000D5CB1 /* Frameworks */,
				C16E8E6D1F33E2F2000D5CB1 /* Resources */,
			);
			buildRules = (
			);
			dependencies = (
				C16E8E711F33E2F2000D5CB1 /* PBXTargetDependency */,
			);
			name = "ARTexts-iosUITests";
			productName = "ARTexts-iosUITests";
			productReference = C16E8E6F1F33E2F2000D5CB1 /* ARTexts-iosUITests.xctest */;
			productType = "com.apple.product-type.bundle.ui-testing";
		};
/* End PBXNativeTarget section */

/* Begin PBXProject section */
		C16E8E441F33E2F2000D5CB1 /* Project object */ = {
			isa = PBXProject;
			attributes = {
				LastSwiftUpdateCheck = 0900;
				LastUpgradeCheck = 0900;
				ORGANIZATIONNAME = "James Folk";
				TargetAttributes = {
					C16E8E4B1F33E2F2000D5CB1 = {
						CreatedOnToolsVersion = 9.0;
					};
					C16E8E631F33E2F2000D5CB1 = {
						CreatedOnToolsVersion = 9.0;
						TestTargetID = C16E8E4B1F33E2F2000D5CB1;
					};
					C16E8E6E1F33E2F2000D5CB1 = {
						CreatedOnToolsVersion = 9.0;
						TestTargetID = C16E8E4B1F33E2F2000D5CB1;
					};
				};
			};
			buildConfigurationList = C16E8E471F33E2F2000D5CB1 /* Build configuration list for PBXProject "ARTexts-ios" */;
			compatibilityVersion = "Xcode 8.0";
			developmentRegion = en;
			hasScannedForEncodings = 0;
			knownRegions = (
				en,
				Base,
			);
			mainGroup = C16E8E431F33E2F2000D5CB1;
			productRefGroup = C16E8E4D1F33E2F2000D5CB1 /* Products */;
			projectDirPath = "";
			projectRoot = "";
			targets = (
				C16E8E4B1F33E2F2000D5CB1 /* ARTexts-ios */,
				C16E8E631F33E2F2000D5CB1 /* ARTexts-iosTests */,
				C16E8E6E1F33E2F2000D5CB1 /* ARTexts-iosUITests */,
			);
		};
/* End PBXProject section */

/* Begin PBXResourcesBuildPhase section */
		C16E8E4A1F33E2F2000D5CB1 /* Resources */ = {
			isa = PBXResourcesBuildPhase;
			buildActionMask = 2147483647;
			files = (
				C16E8E521F33E2F2000D5CB1 /* Scene.sks in Resources */,
				C16E8E5E1F33E2F2000D5CB1 /* LaunchScreen.storyboard in Resources */,
				C16E8E5B1F33E2F2000D5CB1 /* Assets.xcassets in Resources */,
				C16E8E591F33E2F2000D5CB1 /* Main.storyboard in Resources */,
			);
			runOnlyForDeploymentPostprocessing = 0;
		};
		C16E8E621F33E2F2000D5CB1 /* Resources */ = {
			isa = PBXResourcesBuildPhase;
			buildActionMask = 2147483647;
			files = (
			);
			runOnlyForDeploymentPostprocessing = 0;
		};
		C16E8E6D1F33E2F2000D5CB1 /* Resources */ = {
			isa = PBXResourcesBuildPhase;
			buildActionMask = 2147483647;
			files = (
			);
			runOnlyForDeploymentPostprocessing = 0;
		};
/* End PBXResourcesBuildPhase section */

/* Begin PBXSourcesBuildPhase section */
		C16E8E481F33E2F2000D5CB1 /* Sources */ = {
			isa = PBXSourcesBuildPhase;
			buildActionMask = 2147483647;
			files = (
				C16E8E561F33E2F2000D5CB1 /* ViewController.swift in Sources */,
				C16E8E541F33E2F2000D5CB1 /* Scene.swift in Sources */,
				C16E8E501F33E2F2000D5CB1 /* AppDelegate.swift in Sources */,
			);
			runOnlyForDeploymentPostprocessing = 0;
		};
		C16E8E601F33E2F2000D5CB1 /* Sources */ = {
			isa = PBXSourcesBuildPhase;
			buildActionMask = 2147483647;
			files = (
				C16E8E691F33E2F2000D5CB1 /* ARTexts_iosTests.swift in Sources */,
			);
			runOnlyForDeploymentPostprocessing = 0;
		};
		C16E8E6B1F33E2F2000D5CB1 /* Sources */ = {
			isa = PBXSourcesBuildPhase;
			buildActionMask = 2147483647;
			files = (
				C16E8E741F33E2F2000D5CB1 /* ARTexts_iosUITests.swift in Sources */,
			);
			runOnlyForDeploymentPostprocessing = 0;
		};
/* End PBXSourcesBuildPhase section */

/* Begin PBXTargetDependency section */
		C16E8E661F33E2F2000D5CB1 /* PBXTargetDependency */ = {
			isa = PBXTargetDependency;
			target = C16E8E4B1F33E2F2000D5CB1 /* ARTexts-ios */;
			targetProxy = C16E8E651F33E2F2000D5CB1 /* PBXContainerItemProxy */;
		};
		C16E8E711F33E2F2000D5CB1 /* PBXTargetDependency */ = {
			isa = PBXTargetDependency;
			target = C16E8E4B1F33E2F2000D5CB1 /* ARTexts-ios */;
			targetProxy = C16E8E701F33E2F2000D5CB1 /* PBXContainerItemProxy */;
		};
/* End PBXTargetDependency section */

/* Begin PBXVariantGroup section */
		C16E8E571F33E2F2000D5CB1 /* Main.storyboard */ = {
			isa = PBXVariantGroup;
			children = (
				C16E8E581F33E2F2000D5CB1 /* Base */,
			);
			name = Main.storyboard;
			sourceTree = "<group>";
		};
		C16E8E5C1F33E2F2000D5CB1 /* LaunchScreen.storyboard */ = {
			isa = PBXVariantGroup;
			children = (
				C16E8E5D1F33E2F2000D5CB1 /* Base */,
			);
			name = LaunchScreen.storyboard;
			sourceTree = "<group>";
		};
/* End PBXVariantGroup section */

/* Begin XCBuildConfiguration section */
		C16E8E761F33E2F2000D5CB1 /* Debug */ = {
			isa = XCBuildConfiguration;
			buildSettings = {
				ALWAYS_SEARCH_USER_PATHS = NO;
				CLANG_ANALYZER_NONNULL = YES;
				CLANG_ANALYZER_NUMBER_OBJECT_CONVERSION = YES_AGGRESSIVE;
				CLANG_CXX_LANGUAGE_STANDARD = "gnu++14";
				CLANG_CXX_LIBRARY = "libc++";
				CLANG_ENABLE_MODULES = YES;
				CLANG_ENABLE_OBJC_ARC = YES;
				CLANG_WARN_BLOCK_CAPTURE_AUTORELEASING = YES;
				CLANG_WARN_BOOL_CONVERSION = YES;
				CLANG_WARN_COMMA = YES;
				CLANG_WARN_CONSTANT_CONVERSION = YES;
				CLANG_WARN_DIRECT_OBJC_ISA_USAGE = YES_ERROR;
				CLANG_WARN_DOCUMENTATION_COMMENTS = YES;
				CLANG_WARN_EMPTY_BODY = YES;
				CLANG_WARN_ENUM_CONVERSION = YES;
				CLANG_WARN_INFINITE_RECURSION = YES;
				CLANG_WARN_INT_CONVERSION = YES;
				CLANG_WARN_NON_LITERAL_NULL_CONVERSION = YES;
				CLANG_WARN_OBJC_LITERAL_CONVERSION = YES;
				CLANG_WARN_OBJC_ROOT_CLASS = YES_ERROR;
				CLANG_WARN_RANGE_LOOP_ANALYSIS = YES;
				CLANG_WARN_STRICT_PROTOTYPES = YES;
				CLANG_WARN_SUSPICIOUS_MOVE = YES;
				CLANG_WARN_UNGUARDED_AVAILABILITY = YES_AGGRESSIVE;
				CLANG_WARN_UNREACHABLE_CODE = YES;
				CLANG_WARN__DUPLICATE_METHOD_MATCH = YES;
				CODE_SIGN_IDENTITY = "iPhone Developer";
				COPY_PHASE_STRIP = NO;
				DEBUG_INFORMATION_FORMAT = dwarf;
				ENABLE_STRICT_OBJC_MSGSEND = YES;
				ENABLE_TESTABILITY = YES;
				GCC_C_LANGUAGE_STANDARD = gnu11;
				GCC_DYNAMIC_NO_PIC = NO;
				GCC_NO_COMMON_BLOCKS = YES;
				GCC_OPTIMIZATION_LEVEL = 0;
				GCC_PREPROCESSOR_DEFINITIONS = (
					"DEBUG=1",
					"$(inherited)",
				);
				GCC_WARN_64_TO_32_BIT_CONVERSION = YES;
				GCC_WARN_ABOUT_RETURN_TYPE = YES_ERROR;
				GCC_WARN_UNDECLARED_SELECTOR = YES;
				GCC_WARN_UNINITIALIZED_AUTOS = YES_AGGRESSIVE;
				GCC_WARN_UNUSED_FUNCTION = YES;
				GCC_WARN_UNUSED_VARIABLE = YES;
				IPHONEOS_DEPLOYMENT_TARGET = 11.0;
				MTL_ENABLE_DEBUG_INFO = YES;
				ONLY_ACTIVE_ARCH = YES;
				SDKROOT = iphoneos;
				SWIFT_ACTIVE_COMPILATION_CONDITIONS = DEBUG;
				SWIFT_OPTIMIZATION_LEVEL = "-Onone";
			};
			name = Debug;
		};
		C16E8E771F33E2F2000D5CB1 /* Release */ = {
			isa = XCBuildConfiguration;
			buildSettings = {
				ALWAYS_SEARCH_USER_PATHS = NO;
				CLANG_ANALYZER_NONNULL = YES;
				CLANG_ANALYZER_NUMBER_OBJECT_CONVERSION = YES_AGGRESSIVE;
				CLANG_CXX_LANGUAGE_STANDARD = "gnu++14";
				CLANG_CXX_LIBRARY = "libc++";
				CLANG_ENABLE_MODULES = YES;
				CLANG_ENABLE_OBJC_ARC = YES;
				CLANG_WARN_BLOCK_CAPTURE_AUTORELEASING = YES;
				CLANG_WARN_BOOL_CONVERSION = YES;
				CLANG_WARN_COMMA = YES;
				CLANG_WARN_CONSTANT_CONVERSION = YES;
				CLANG_WARN_DIRECT_OBJC_ISA_USAGE = YES_ERROR;
				CLANG_WARN_DOCUMENTATION_COMMENTS = YES;
				CLANG_WARN_EMPTY_BODY = YES;
				CLANG_WARN_ENUM_CONVERSION = YES;
				CLANG_WARN_INFINITE_RECURSION = YES;
				CLANG_WARN_INT_CONVERSION = YES;
				CLANG_WARN_NON_LITERAL_NULL_CONVERSION = YES;
				CLANG_WARN_OBJC_LITERAL_CONVERSION = YES;
				CLANG_WARN_OBJC_ROOT_CLASS = YES_ERROR;
				CLANG_WARN_RANGE_LOOP_ANALYSIS = YES;
				CLANG_WARN_STRICT_PROTOTYPES = YES;
				CLANG_WARN_SUSPICIOUS_MOVE = YES;
				CLANG_WARN_UNGUARDED_AVAILABILITY = YES_AGGRESSIVE;
				CLANG_WARN_UNREACHABLE_CODE = YES;
				CLANG_WARN__DUPLICATE_METHOD_MATCH = YES;
				CODE_SIGN_IDENTITY = "iPhone Developer";
				COPY_PHASE_STRIP = NO;
				DEBUG_INFORMATION_FORMAT = "dwarf-with-dsym";
				ENABLE_NS_ASSERTIONS = NO;
				ENABLE_STRICT_OBJC_MSGSEND = YES;
				GCC_C_LANGUAGE_STANDARD = gnu11;
				GCC_NO_COMMON_BLOCKS = YES;
				GCC_WARN_64_TO_32_BIT_CONVERSION = YES;
				GCC_WARN_ABOUT_RETURN_TYPE = YES_ERROR;
				GCC_WARN_UNDECLARED_SELECTOR = YES;
				GCC_WARN_UNINITIALIZED_AUTOS = YES_AGGRESSIVE;
				GCC_WARN_UNUSED_FUNCTION = YES;
				GCC_WARN_UNUSED_VARIABLE = YES;
				IPHONEOS_DEPLOYMENT_TARGET = 11.0;
				MTL_ENABLE_DEBUG_INFO = NO;
				SDKROOT = iphoneos;
				SWIFT_OPTIMIZATION_LEVEL = "-Owholemodule";
				VALIDATE_PRODUCT = YES;
			};
			name = Release;
		};
		C16E8E791F33E2F2000D5CB1 /* Debug */ = {
			isa = XCBuildConfiguration;
			buildSettings = {
				ASSETCATALOG_COMPILER_APPICON_NAME = AppIcon;
				DEVELOPMENT_TEAM = 6UWRM7QGYR;
				INFOPLIST_FILE = "ARTexts-ios/Info.plist";
				LD_RUNPATH_SEARCH_PATHS = "$(inherited) @executable_path/Frameworks";
				PRODUCT_BUNDLE_IDENTIFIER = com.navitudes.artexts.ios;
				PRODUCT_NAME = "$(TARGET_NAME)";
				SWIFT_VERSION = 4.0;
				TARGETED_DEVICE_FAMILY = "1,2";
			};
			name = Debug;
		};
		C16E8E7A1F33E2F2000D5CB1 /* Release */ = {
			isa = XCBuildConfiguration;
			buildSettings = {
				ASSETCATALOG_COMPILER_APPICON_NAME = AppIcon;
				DEVELOPMENT_TEAM = 6UWRM7QGYR;
				INFOPLIST_FILE = "ARTexts-ios/Info.plist";
				LD_RUNPATH_SEARCH_PATHS = "$(inherited) @executable_path/Frameworks";
				PRODUCT_BUNDLE_IDENTIFIER = com.navitudes.artexts.ios;
				PRODUCT_NAME = "$(TARGET_NAME)";
				SWIFT_VERSION = 4.0;
				TARGETED_DEVICE_FAMILY = "1,2";
			};
			name = Release;
		};
		C16E8E7C1F33E2F2000D5CB1 /* Debug */ = {
			isa = XCBuildConfiguration;
			buildSettings = {
				ALWAYS_EMBED_SWIFT_STANDARD_LIBRARIES = YES;
				BUNDLE_LOADER = "$(TEST_HOST)";
				DEVELOPMENT_TEAM = SRBQ5SCF5X;
				INFOPLIST_FILE = "ARTexts-iosTests/Info.plist";
				LD_RUNPATH_SEARCH_PATHS = "$(inherited) @executable_path/Frameworks @loader_path/Frameworks";
				PRODUCT_BUNDLE_IDENTIFIER = "com.njligames.engine.ARTexts-iosTests";
				PRODUCT_NAME = "$(TARGET_NAME)";
				SWIFT_VERSION = 4.0;
				TARGETED_DEVICE_FAMILY = "1,2";
				TEST_HOST = "$(BUILT_PRODUCTS_DIR)/ARTexts-ios.app/ARTexts-ios";
			};
			name = Debug;
		};
		C16E8E7D1F33E2F2000D5CB1 /* Release */ = {
			isa = XCBuildConfiguration;
			buildSettings = {
				ALWAYS_EMBED_SWIFT_STANDARD_LIBRARIES = YES;
				BUNDLE_LOADER = "$(TEST_HOST)";
				DEVELOPMENT_TEAM = SRBQ5SCF5X;
				INFOPLIST_FILE = "ARTexts-iosTests/Info.plist";
				LD_RUNPATH_SEARCH_PATHS = "$(inherited) @executable_path/Frameworks @loader_path/Frameworks";
				PRODUCT_BUNDLE_IDENTIFIER = "com.njligames.engine.ARTexts-iosTests";
				PRODUCT_NAME = "$(TARGET_NAME)";
				SWIFT_VERSION = 4.0;
				TARGETED_DEVICE_FAMILY = "1,2";
				TEST_HOST = "$(BUILT_PRODUCTS_DIR)/ARTexts-ios.app/ARTexts-ios";
			};
			name = Release;
		};
		C16E8E7F1F33E2F2000D5CB1 /* Debug */ = {
			isa = XCBuildConfiguration;
			buildSettings = {
				ALWAYS_EMBED_SWIFT_STANDARD_LIBRARIES = YES;
				DEVELOPMENT_TEAM = SRBQ5SCF5X;
				INFOPLIST_FILE = "ARTexts-iosUITests/Info.plist";
				LD_RUNPATH_SEARCH_PATHS = "$(inherited) @executable_path/Frameworks @loader_path/Frameworks";
				PRODUCT_BUNDLE_IDENTIFIER = "com.njligames.engine.ARTexts-iosUITests";
				PRODUCT_NAME = "$(TARGET_NAME)";
				SWIFT_VERSION = 4.0;
				TARGETED_DEVICE_FAMILY = "1,2";
				TEST_TARGET_NAME = "ARTexts-ios";
			};
			name = Debug;
		};
		C16E8E801F33E2F2000D5CB1 /* Release */ = {
			isa = XCBuildConfiguration;
			buildSettings = {
				ALWAYS_EMBED_SWIFT_STANDARD_LIBRARIES = YES;
				DEVELOPMENT_TEAM = SRBQ5SCF5X;
				INFOPLIST_FILE = "ARTexts-iosUITests/Info.plist";
				LD_RUNPATH_SEARCH_PATHS = "$(inherited) @executable_path/Frameworks @loader_path/Frameworks";
				PRODUCT_BUNDLE_IDENTIFIER = "com.njligames.engine.ARTexts-iosUITests";
				PRODUCT_NAME = "$(TARGET_NAME)";
				SWIFT_VERSION = 4.0;
				TARGETED_DEVICE_FAMILY = "1,2";
				TEST_TARGET_NAME = "ARTexts-ios";
			};
			name = Release;
		};
/* End XCBuildConfiguration section */

/* Begin XCConfigurationList section */
		C16E8E471F33E2F2000D5CB1 /* Build configuration list for PBXProject "ARTexts-ios" */ = {
			isa = XCConfigurationList;
			buildConfigurations = (
				C16E8E761F33E2F2000D5CB1 /* Debug */,
				C16E8E771F33E2F2000D5CB1 /* Release */,
			);
			defaultConfigurationIsVisible = 0;
			defaultConfigurationName = Release;
		};
		C16E8E781F33E2F2000D5CB1 /* Build configuration list for PBXNativeTarget "ARTexts-ios" */ = {
			isa = XCConfigurationList;
			buildConfigurations = (
				C16E8E791F33E2F2000D5CB1 /* Debug */,
				C16E8E7A1F33E2F2000D5CB1 /* Release */,
			);
			defaultConfigurationIsVisible = 0;
			defaultConfigurationName = Release;
		};
		C16E8E7B1F33E2F2000D5CB1 /* Build configuration list for PBXNativeTarget "ARTexts-iosTests" */ = {
			isa = XCConfigurationList;
			buildConfigurations = (
				C16E8E7C1F33E2F2000D5CB1 /* Debug */,
				C16E8E7D1F33E2F2000D5CB1 /* Release */,
			);
			defaultConfigurationIsVisible = 0;
			defaultConfigurationName = Release;
		};
		C16E8E7E1F33E2F2000D5CB1 /* Build configuration list for PBXNativeTarget "ARTexts-iosUITests" */ = {
			isa = XCConfigurationList;
			buildConfigurations = (
				C16E8E7F1F33E2F2000D5CB1 /* Debug */,
				C16E8E801F33E2F2000D5CB1 /* Release */,
			);
			defaultConfigurationIsVisible = 0;
			defaultConfigurationName = Release;
		};
/* End XCConfigurationList section */
	};
	rootObject = C16E8E441F33E2F2000D5CB1 /* Project object */;
}
